// !$*UTF8*$!
{
	archiveVersion = 1;
	classes = {
	};
	objectVersion = 50;
	objects = {

/* Begin PBXBuildFile section */
		4944EF422670801A00445780 /* computer.cpp in Sources */ = {isa = PBXBuildFile; fileRef = 4944EF412670801A00445780 /* computer.cpp */; };
		4944EF442670965B00445780 /* ROM.cpp in Sources */ = {isa = PBXBuildFile; fileRef = 4944EF432670965B00445780 /* ROM.cpp */; };
		49480DF22674993E00860A83 /* saa5050.cpp in Sources */ = {isa = PBXBuildFile; fileRef = 49480DEE2674993E00860A83 /* saa5050.cpp */; };
		49480DF32674993E00860A83 /* saa5050_font.cpp in Sources */ = {isa = PBXBuildFile; fileRef = 49480DEF2674993E00860A83 /* saa5050_font.cpp */; };
		49480DF62675DD4C00860A83 /* ide.cpp in Sources */ = {isa = PBXBuildFile; fileRef = 49480DF42675DD4C00860A83 /* ide.cpp */; };
		49B31D75266F508400706439 /* mc6809.cpp in Sources */ = {isa = PBXBuildFile; fileRef = 49B31D74266F508400706439 /* mc6809.cpp */; };
		49B31D78266F50EF00706439 /* usim.cpp in Sources */ = {isa = PBXBuildFile; fileRef = 49B31D76266F50EF00706439 /* usim.cpp */; };
		49B31D7E266F550C00706439 /* mc6850.cpp in Sources */ = {isa = PBXBuildFile; fileRef = 49B31D7C266F550C00706439 /* mc6850.cpp */; };
		49F70B0D266C523000408DAE /* flex_emulator.swift in Sources */ = {isa = PBXBuildFile; fileRef = 49F70B0C266C523000408DAE /* flex_emulator.swift */; };
		49F70B0F266C523000408DAE /* ContentView.swift in Sources */ = {isa = PBXBuildFile; fileRef = 49F70B0E266C523000408DAE /* ContentView.swift */; };
		49F70B11266C523100408DAE /* Assets.xcassets in Resources */ = {isa = PBXBuildFile; fileRef = 49F70B10266C523100408DAE /* Assets.xcassets */; };
		49F70B14266C523100408DAE /* Preview Assets.xcassets in Resources */ = {isa = PBXBuildFile; fileRef = 49F70B13266C523100408DAE /* Preview Assets.xcassets */; };
		49F70B1F266C523100408DAE /* flex_emulatorTests.swift in Sources */ = {isa = PBXBuildFile; fileRef = 49F70B1E266C523100408DAE /* flex_emulatorTests.swift */; };
		49F70B2A266C523100408DAE /* flex_emulatorUITests.swift in Sources */ = {isa = PBXBuildFile; fileRef = 49F70B29266C523100408DAE /* flex_emulatorUITests.swift */; };
		49F70B3A266C527100408DAE /* cpp_methods.cpp in Sources */ = {isa = PBXBuildFile; fileRef = 49F70B38266C527100408DAE /* cpp_methods.cpp */; };
/* End PBXBuildFile section */

/* Begin PBXContainerItemProxy section */
		49F70B1B266C523100408DAE /* PBXContainerItemProxy */ = {
			isa = PBXContainerItemProxy;
			containerPortal = 49F70B01266C523000408DAE /* Project object */;
			proxyType = 1;
			remoteGlobalIDString = 49F70B08266C523000408DAE;
			remoteInfo = C_and_Swift;
		};
		49F70B26266C523100408DAE /* PBXContainerItemProxy */ = {
			isa = PBXContainerItemProxy;
			containerPortal = 49F70B01266C523000408DAE /* Project object */;
			proxyType = 1;
			remoteGlobalIDString = 49F70B08266C523000408DAE;
			remoteInfo = C_and_Swift;
		};
/* End PBXContainerItemProxy section */

/* Begin PBXFileReference section */
		4944EF402670801900445780 /* computer.h */ = {isa = PBXFileReference; fileEncoding = 4; lastKnownFileType = sourcecode.c.h; path = computer.h; sourceTree = "<group>"; };
		4944EF412670801A00445780 /* computer.cpp */ = {isa = PBXFileReference; fileEncoding = 4; lastKnownFileType = sourcecode.cpp.cpp; path = computer.cpp; sourceTree = "<group>"; };
		4944EF432670965B00445780 /* ROM.cpp */ = {isa = PBXFileReference; fileEncoding = 4; lastKnownFileType = sourcecode.cpp.cpp; path = ROM.cpp; sourceTree = "<group>"; };
		4944EF45267099ED00445780 /* ROM.h */ = {isa = PBXFileReference; fileEncoding = 4; lastKnownFileType = sourcecode.c.h; path = ROM.h; sourceTree = "<group>"; };
		49480DEE2674993E00860A83 /* saa5050.cpp */ = {isa = PBXFileReference; fileEncoding = 4; lastKnownFileType = sourcecode.cpp.cpp; path = saa5050.cpp; sourceTree = "<group>"; };
		49480DEF2674993E00860A83 /* saa5050_font.cpp */ = {isa = PBXFileReference; fileEncoding = 4; lastKnownFileType = sourcecode.cpp.cpp; path = saa5050_font.cpp; sourceTree = "<group>"; };
		49480DF02674993E00860A83 /* saa5050.h */ = {isa = PBXFileReference; fileEncoding = 4; lastKnownFileType = sourcecode.c.h; path = saa5050.h; sourceTree = "<group>"; };
		49480DF12674993E00860A83 /* saa5050_font.h */ = {isa = PBXFileReference; fileEncoding = 4; lastKnownFileType = sourcecode.c.h; path = saa5050_font.h; sourceTree = "<group>"; };
		49480DF42675DD4C00860A83 /* ide.cpp */ = {isa = PBXFileReference; fileEncoding = 4; lastKnownFileType = sourcecode.cpp.cpp; path = ide.cpp; sourceTree = "<group>"; };
		49480DF52675DD4C00860A83 /* ide.h */ = {isa = PBXFileReference; fileEncoding = 4; lastKnownFileType = sourcecode.c.h; path = ide.h; sourceTree = "<group>"; };
		49B31D73266F508400706439 /* mc6809.h */ = {isa = PBXFileReference; fileEncoding = 4; lastKnownFileType = sourcecode.c.h; path = mc6809.h; sourceTree = "<group>"; };
		49B31D74266F508400706439 /* mc6809.cpp */ = {isa = PBXFileReference; fileEncoding = 4; lastKnownFileType = sourcecode.cpp.cpp; path = mc6809.cpp; sourceTree = "<group>"; };
		49B31D76266F50EF00706439 /* usim.cpp */ = {isa = PBXFileReference; fileEncoding = 4; lastKnownFileType = sourcecode.cpp.cpp; path = usim.cpp; sourceTree = "<group>"; };
		49B31D77266F50EF00706439 /* usim.h */ = {isa = PBXFileReference; fileEncoding = 4; lastKnownFileType = sourcecode.c.h; path = usim.h; sourceTree = "<group>"; };
		49B31D79266F512300706439 /* misc.h */ = {isa = PBXFileReference; fileEncoding = 4; lastKnownFileType = sourcecode.c.h; path = misc.h; sourceTree = "<group>"; };
		49B31D7A266F518D00706439 /* typedefs.h */ = {isa = PBXFileReference; fileEncoding = 4; lastKnownFileType = sourcecode.c.h; path = typedefs.h; sourceTree = "<group>"; };
		49B31D7B266F54B400706439 /* mc6850_with_mac.h */ = {isa = PBXFileReference; fileEncoding = 4; lastKnownFileType = sourcecode.c.h; path = mc6850_with_mac.h; sourceTree = "<group>"; };
		49B31D7C266F550C00706439 /* mc6850.cpp */ = {isa = PBXFileReference; fileEncoding = 4; lastKnownFileType = sourcecode.cpp.cpp; path = mc6850.cpp; sourceTree = "<group>"; };
		49B31D7D266F550C00706439 /* mc6850.h */ = {isa = PBXFileReference; fileEncoding = 4; lastKnownFileType = sourcecode.c.h; path = mc6850.h; sourceTree = "<group>"; };
		49F70B09266C523000408DAE /* flex_emulator.app */ = {isa = PBXFileReference; explicitFileType = wrapper.application; includeInIndex = 0; path = flex_emulator.app; sourceTree = BUILT_PRODUCTS_DIR; };
		49F70B0C266C523000408DAE /* flex_emulator.swift */ = {isa = PBXFileReference; lastKnownFileType = sourcecode.swift; path = flex_emulator.swift; sourceTree = "<group>"; };
		49F70B0E266C523000408DAE /* ContentView.swift */ = {isa = PBXFileReference; lastKnownFileType = sourcecode.swift; path = ContentView.swift; sourceTree = "<group>"; };
		49F70B10266C523100408DAE /* Assets.xcassets */ = {isa = PBXFileReference; lastKnownFileType = folder.assetcatalog; path = Assets.xcassets; sourceTree = "<group>"; };
		49F70B13266C523100408DAE /* Preview Assets.xcassets */ = {isa = PBXFileReference; lastKnownFileType = folder.assetcatalog; path = "Preview Assets.xcassets"; sourceTree = "<group>"; };
		49F70B15266C523100408DAE /* Info.plist */ = {isa = PBXFileReference; lastKnownFileType = text.plist.xml; path = Info.plist; sourceTree = "<group>"; };
		49F70B1A266C523100408DAE /* flex_emulatorTests.xctest */ = {isa = PBXFileReference; explicitFileType = wrapper.cfbundle; includeInIndex = 0; path = flex_emulatorTests.xctest; sourceTree = BUILT_PRODUCTS_DIR; };
		49F70B1E266C523100408DAE /* flex_emulatorTests.swift */ = {isa = PBXFileReference; lastKnownFileType = sourcecode.swift; path = flex_emulatorTests.swift; sourceTree = "<group>"; };
		49F70B20266C523100408DAE /* Info.plist */ = {isa = PBXFileReference; lastKnownFileType = text.plist.xml; path = Info.plist; sourceTree = "<group>"; };
		49F70B25266C523100408DAE /* flex_emulatorUITests.xctest */ = {isa = PBXFileReference; explicitFileType = wrapper.cfbundle; includeInIndex = 0; path = flex_emulatorUITests.xctest; sourceTree = BUILT_PRODUCTS_DIR; };
		49F70B29266C523100408DAE /* flex_emulatorUITests.swift */ = {isa = PBXFileReference; lastKnownFileType = sourcecode.swift; path = flex_emulatorUITests.swift; sourceTree = "<group>"; };
		49F70B2B266C523100408DAE /* Info.plist */ = {isa = PBXFileReference; lastKnownFileType = text.plist.xml; path = Info.plist; sourceTree = "<group>"; };
		49F70B37266C527100408DAE /* flex_emulator-Bridging-Header.h */ = {isa = PBXFileReference; lastKnownFileType = sourcecode.c.h; path = "flex_emulator-Bridging-Header.h"; sourceTree = "<group>"; };
		49F70B38266C527100408DAE /* cpp_methods.cpp */ = {isa = PBXFileReference; lastKnownFileType = sourcecode.cpp.cpp; path = cpp_methods.cpp; sourceTree = "<group>"; };
		49F70B39266C527100408DAE /* cpp_methods.hpp */ = {isa = PBXFileReference; lastKnownFileType = sourcecode.cpp.h; path = cpp_methods.hpp; sourceTree = "<group>"; };
/* End PBXFileReference section */

/* Begin PBXFrameworksBuildPhase section */
		49F70B06266C523000408DAE /* Frameworks */ = {
			isa = PBXFrameworksBuildPhase;
			buildActionMask = 2147483647;
			files = (
			);
			runOnlyForDeploymentPostprocessing = 0;
		};
		49F70B17266C523100408DAE /* Frameworks */ = {
			isa = PBXFrameworksBuildPhase;
			buildActionMask = 2147483647;
			files = (
			);
			runOnlyForDeploymentPostprocessing = 0;
		};
		49F70B22266C523100408DAE /* Frameworks */ = {
			isa = PBXFrameworksBuildPhase;
			buildActionMask = 2147483647;
			files = (
			);
			runOnlyForDeploymentPostprocessing = 0;
		};
/* End PBXFrameworksBuildPhase section */

/* Begin PBXGroup section */
		49F70B00266C523000408DAE = {
			isa = PBXGroup;
			children = (
				49F70B0B266C523000408DAE /* flex_emulator */,
				49F70B1D266C523100408DAE /* flex_emulatorTests */,
				49F70B28266C523100408DAE /* flex_emulatorUITests */,
				49F70B0A266C523000408DAE /* Products */,
			);
			sourceTree = "<group>";
		};
		49F70B0A266C523000408DAE /* Products */ = {
			isa = PBXGroup;
			children = (
				49F70B09266C523000408DAE /* flex_emulator.app */,
				49F70B1A266C523100408DAE /* flex_emulatorTests.xctest */,
				49F70B25266C523100408DAE /* flex_emulatorUITests.xctest */,
			);
			name = Products;
			sourceTree = "<group>";
		};
		49F70B0B266C523000408DAE /* flex_emulator */ = {
			isa = PBXGroup;
			children = (
				49F70B0C266C523000408DAE /* flex_emulator.swift */,
				49F70B38266C527100408DAE /* cpp_methods.cpp */,
				4944EF402670801900445780 /* computer.h */,
				4944EF412670801A00445780 /* computer.cpp */,
				49B31D7A266F518D00706439 /* typedefs.h */,
				49B31D79266F512300706439 /* misc.h */,
				49B31D77266F50EF00706439 /* usim.h */,
				49B31D76266F50EF00706439 /* usim.cpp */,
				49B31D73266F508400706439 /* mc6809.h */,
				49B31D74266F508400706439 /* mc6809.cpp */,
				49480DF52675DD4C00860A83 /* ide.h */,
				49480DF42675DD4C00860A83 /* ide.cpp */,
				49B31D7D266F550C00706439 /* mc6850.h */,
				49B31D7C266F550C00706439 /* mc6850.cpp */,
				49B31D7B266F54B400706439 /* mc6850_with_mac.h */,
				49480DEF2674993E00860A83 /* saa5050_font.cpp */,
				49480DF12674993E00860A83 /* saa5050_font.h */,
				49480DEE2674993E00860A83 /* saa5050.cpp */,
				49480DF02674993E00860A83 /* saa5050.h */,
				49F70B39266C527100408DAE /* cpp_methods.hpp */,
				4944EF432670965B00445780 /* ROM.cpp */,
				4944EF45267099ED00445780 /* ROM.h */,
				49F70B0E266C523000408DAE /* ContentView.swift */,
				49F70B10266C523100408DAE /* Assets.xcassets */,
				49F70B15266C523100408DAE /* Info.plist */,
				49F70B12266C523100408DAE /* Preview Content */,
				49F70B37266C527100408DAE /* flex_emulator-Bridging-Header.h */,
			);
			path = flex_emulator;
			sourceTree = "<group>";
		};
		49F70B12266C523100408DAE /* Preview Content */ = {
			isa = PBXGroup;
			children = (
				49F70B13266C523100408DAE /* Preview Assets.xcassets */,
			);
			path = "Preview Content";
			sourceTree = "<group>";
		};
		49F70B1D266C523100408DAE /* flex_emulatorTests */ = {
			isa = PBXGroup;
			children = (
				49F70B1E266C523100408DAE /* flex_emulatorTests.swift */,
				49F70B20266C523100408DAE /* Info.plist */,
			);
			path = flex_emulatorTests;
			sourceTree = "<group>";
		};
		49F70B28266C523100408DAE /* flex_emulatorUITests */ = {
			isa = PBXGroup;
			children = (
				49F70B29266C523100408DAE /* flex_emulatorUITests.swift */,
				49F70B2B266C523100408DAE /* Info.plist */,
			);
			path = flex_emulatorUITests;
			sourceTree = "<group>";
		};
/* End PBXGroup section */

/* Begin PBXNativeTarget section */
		49F70B08266C523000408DAE /* flex_emulator */ = {
			isa = PBXNativeTarget;
			buildConfigurationList = 49F70B2E266C523100408DAE /* Build configuration list for PBXNativeTarget "flex_emulator" */;
			buildPhases = (
				49F70B05266C523000408DAE /* Sources */,
				49F70B06266C523000408DAE /* Frameworks */,
				49F70B07266C523000408DAE /* Resources */,
			);
			buildRules = (
			);
			dependencies = (
			);
			name = flex_emulator;
			productName = C_and_Swift;
			productReference = 49F70B09266C523000408DAE /* flex_emulator.app */;
			productType = "com.apple.product-type.application";
		};
		49F70B19266C523100408DAE /* flex_emulatorTests */ = {
			isa = PBXNativeTarget;
			buildConfigurationList = 49F70B31266C523100408DAE /* Build configuration list for PBXNativeTarget "flex_emulatorTests" */;
			buildPhases = (
				49F70B16266C523100408DAE /* Sources */,
				49F70B17266C523100408DAE /* Frameworks */,
				49F70B18266C523100408DAE /* Resources */,
			);
			buildRules = (
			);
			dependencies = (
				49F70B1C266C523100408DAE /* PBXTargetDependency */,
			);
			name = flex_emulatorTests;
			productName = C_and_SwiftTests;
			productReference = 49F70B1A266C523100408DAE /* flex_emulatorTests.xctest */;
			productType = "com.apple.product-type.bundle.unit-test";
		};
		49F70B24266C523100408DAE /* flex_emulatorUITests */ = {
			isa = PBXNativeTarget;
			buildConfigurationList = 49F70B34266C523100408DAE /* Build configuration list for PBXNativeTarget "flex_emulatorUITests" */;
			buildPhases = (
				49F70B21266C523100408DAE /* Sources */,
				49F70B22266C523100408DAE /* Frameworks */,
				49F70B23266C523100408DAE /* Resources */,
			);
			buildRules = (
			);
			dependencies = (
				49F70B27266C523100408DAE /* PBXTargetDependency */,
			);
			name = flex_emulatorUITests;
			productName = C_and_SwiftUITests;
			productReference = 49F70B25266C523100408DAE /* flex_emulatorUITests.xctest */;
			productType = "com.apple.product-type.bundle.ui-testing";
		};
/* End PBXNativeTarget section */

/* Begin PBXProject section */
		49F70B01266C523000408DAE /* Project object */ = {
			isa = PBXProject;
			attributes = {
				LastSwiftUpdateCheck = 1250;
				LastUpgradeCheck = 1250;
				TargetAttributes = {
					49F70B08266C523000408DAE = {
						CreatedOnToolsVersion = 12.5;
						LastSwiftMigration = 1250;
					};
					49F70B19266C523100408DAE = {
						CreatedOnToolsVersion = 12.5;
						TestTargetID = 49F70B08266C523000408DAE;
					};
					49F70B24266C523100408DAE = {
						CreatedOnToolsVersion = 12.5;
						TestTargetID = 49F70B08266C523000408DAE;
					};
				};
			};
			buildConfigurationList = 49F70B04266C523000408DAE /* Build configuration list for PBXProject "flex_emulator" */;
			compatibilityVersion = "Xcode 9.3";
			developmentRegion = en;
			hasScannedForEncodings = 0;
			knownRegions = (
				en,
				Base,
			);
			mainGroup = 49F70B00266C523000408DAE;
			productRefGroup = 49F70B0A266C523000408DAE /* Products */;
			projectDirPath = "";
			projectRoot = "";
			targets = (
				49F70B08266C523000408DAE /* flex_emulator */,
				49F70B19266C523100408DAE /* flex_emulatorTests */,
				49F70B24266C523100408DAE /* flex_emulatorUITests */,
			);
		};
/* End PBXProject section */

/* Begin PBXResourcesBuildPhase section */
		49F70B07266C523000408DAE /* Resources */ = {
			isa = PBXResourcesBuildPhase;
			buildActionMask = 2147483647;
			files = (
				49F70B14266C523100408DAE /* Preview Assets.xcassets in Resources */,
				49F70B11266C523100408DAE /* Assets.xcassets in Resources */,
			);
			runOnlyForDeploymentPostprocessing = 0;
		};
		49F70B18266C523100408DAE /* Resources */ = {
			isa = PBXResourcesBuildPhase;
			buildActionMask = 2147483647;
			files = (
			);
			runOnlyForDeploymentPostprocessing = 0;
		};
		49F70B23266C523100408DAE /* Resources */ = {
			isa = PBXResourcesBuildPhase;
			buildActionMask = 2147483647;
			files = (
			);
			runOnlyForDeploymentPostprocessing = 0;
		};
/* End PBXResourcesBuildPhase section */

/* Begin PBXSourcesBuildPhase section */
		49F70B05266C523000408DAE /* Sources */ = {
			isa = PBXSourcesBuildPhase;
			buildActionMask = 2147483647;
			files = (
				49480DF62675DD4C00860A83 /* ide.cpp in Sources */,
				49480DF32674993E00860A83 /* saa5050_font.cpp in Sources */,
				49B31D78266F50EF00706439 /* usim.cpp in Sources */,
				49B31D75266F508400706439 /* mc6809.cpp in Sources */,
				49480DF22674993E00860A83 /* saa5050.cpp in Sources */,
				49F70B3A266C527100408DAE /* cpp_methods.cpp in Sources */,
				49F70B0F266C523000408DAE /* ContentView.swift in Sources */,
				4944EF422670801A00445780 /* computer.cpp in Sources */,
				49B31D7E266F550C00706439 /* mc6850.cpp in Sources */,
				4944EF442670965B00445780 /* ROM.cpp in Sources */,
				49F70B0D266C523000408DAE /* flex_emulator.swift in Sources */,
			);
			runOnlyForDeploymentPostprocessing = 0;
		};
		49F70B16266C523100408DAE /* Sources */ = {
			isa = PBXSourcesBuildPhase;
			buildActionMask = 2147483647;
			files = (
				49F70B1F266C523100408DAE /* flex_emulatorTests.swift in Sources */,
			);
			runOnlyForDeploymentPostprocessing = 0;
		};
		49F70B21266C523100408DAE /* Sources */ = {
			isa = PBXSourcesBuildPhase;
			buildActionMask = 2147483647;
			files = (
				49F70B2A266C523100408DAE /* flex_emulatorUITests.swift in Sources */,
			);
			runOnlyForDeploymentPostprocessing = 0;
		};
/* End PBXSourcesBuildPhase section */

/* Begin PBXTargetDependency section */
		49F70B1C266C523100408DAE /* PBXTargetDependency */ = {
			isa = PBXTargetDependency;
			target = 49F70B08266C523000408DAE /* flex_emulator */;
			targetProxy = 49F70B1B266C523100408DAE /* PBXContainerItemProxy */;
		};
		49F70B27266C523100408DAE /* PBXTargetDependency */ = {
			isa = PBXTargetDependency;
			target = 49F70B08266C523000408DAE /* flex_emulator */;
			targetProxy = 49F70B26266C523100408DAE /* PBXContainerItemProxy */;
		};
/* End PBXTargetDependency section */

/* Begin XCBuildConfiguration section */
		49F70B2C266C523100408DAE /* Debug */ = {
			isa = XCBuildConfiguration;
			buildSettings = {
				ALWAYS_SEARCH_USER_PATHS = NO;
				CLANG_ANALYZER_NONNULL = YES;
				CLANG_ANALYZER_NUMBER_OBJECT_CONVERSION = YES_AGGRESSIVE;
				CLANG_CXX_LANGUAGE_STANDARD = "gnu++14";
				CLANG_CXX_LIBRARY = "libc++";
				CLANG_ENABLE_MODULES = YES;
				CLANG_ENABLE_OBJC_ARC = YES;
				CLANG_ENABLE_OBJC_WEAK = YES;
				CLANG_WARN_BLOCK_CAPTURE_AUTORELEASING = YES;
				CLANG_WARN_BOOL_CONVERSION = YES;
				CLANG_WARN_COMMA = YES;
				CLANG_WARN_CONSTANT_CONVERSION = YES;
				CLANG_WARN_DEPRECATED_OBJC_IMPLEMENTATIONS = YES;
				CLANG_WARN_DIRECT_OBJC_ISA_USAGE = YES_ERROR;
				CLANG_WARN_DOCUMENTATION_COMMENTS = YES;
				CLANG_WARN_EMPTY_BODY = YES;
				CLANG_WARN_ENUM_CONVERSION = YES;
				CLANG_WARN_INFINITE_RECURSION = YES;
				CLANG_WARN_INT_CONVERSION = YES;
				CLANG_WARN_NON_LITERAL_NULL_CONVERSION = YES;
				CLANG_WARN_OBJC_IMPLICIT_RETAIN_SELF = YES;
				CLANG_WARN_OBJC_LITERAL_CONVERSION = YES;
				CLANG_WARN_OBJC_ROOT_CLASS = YES_ERROR;
				CLANG_WARN_QUOTED_INCLUDE_IN_FRAMEWORK_HEADER = YES;
				CLANG_WARN_RANGE_LOOP_ANALYSIS = YES;
				CLANG_WARN_STRICT_PROTOTYPES = YES;
				CLANG_WARN_SUSPICIOUS_MOVE = YES;
				CLANG_WARN_UNGUARDED_AVAILABILITY = YES_AGGRESSIVE;
				CLANG_WARN_UNREACHABLE_CODE = YES;
				CLANG_WARN__DUPLICATE_METHOD_MATCH = YES;
				COPY_PHASE_STRIP = NO;
				DEBUG_INFORMATION_FORMAT = dwarf;
				ENABLE_STRICT_OBJC_MSGSEND = YES;
				ENABLE_TESTABILITY = YES;
				GCC_C_LANGUAGE_STANDARD = gnu11;
				GCC_DYNAMIC_NO_PIC = NO;
				GCC_NO_COMMON_BLOCKS = YES;
				GCC_OPTIMIZATION_LEVEL = 0;
				GCC_PREPROCESSOR_DEFINITIONS = (
					"DEBUG=1",
					"$(inherited)",
				);
				GCC_WARN_64_TO_32_BIT_CONVERSION = YES;
				GCC_WARN_ABOUT_RETURN_TYPE = YES_ERROR;
				GCC_WARN_UNDECLARED_SELECTOR = YES;
				GCC_WARN_UNINITIALIZED_AUTOS = YES_AGGRESSIVE;
				GCC_WARN_UNUSED_FUNCTION = YES;
				GCC_WARN_UNUSED_VARIABLE = YES;
				IPHONEOS_DEPLOYMENT_TARGET = 14.5;
				MTL_ENABLE_DEBUG_INFO = INCLUDE_SOURCE;
				MTL_FAST_MATH = YES;
				ONLY_ACTIVE_ARCH = YES;
				SDKROOT = iphoneos;
				SWIFT_ACTIVE_COMPILATION_CONDITIONS = DEBUG;
				SWIFT_OPTIMIZATION_LEVEL = "-Onone";
			};
			name = Debug;
		};
		49F70B2D266C523100408DAE /* Release */ = {
			isa = XCBuildConfiguration;
			buildSettings = {
				ALWAYS_SEARCH_USER_PATHS = NO;
				CLANG_ANALYZER_NONNULL = YES;
				CLANG_ANALYZER_NUMBER_OBJECT_CONVERSION = YES_AGGRESSIVE;
				CLANG_CXX_LANGUAGE_STANDARD = "gnu++14";
				CLANG_CXX_LIBRARY = "libc++";
				CLANG_ENABLE_MODULES = YES;
				CLANG_ENABLE_OBJC_ARC = YES;
				CLANG_ENABLE_OBJC_WEAK = YES;
				CLANG_WARN_BLOCK_CAPTURE_AUTORELEASING = YES;
				CLANG_WARN_BOOL_CONVERSION = YES;
				CLANG_WARN_COMMA = YES;
				CLANG_WARN_CONSTANT_CONVERSION = YES;
				CLANG_WARN_DEPRECATED_OBJC_IMPLEMENTATIONS = YES;
				CLANG_WARN_DIRECT_OBJC_ISA_USAGE = YES_ERROR;
				CLANG_WARN_DOCUMENTATION_COMMENTS = YES;
				CLANG_WARN_EMPTY_BODY = YES;
				CLANG_WARN_ENUM_CONVERSION = YES;
				CLANG_WARN_INFINITE_RECURSION = YES;
				CLANG_WARN_INT_CONVERSION = YES;
				CLANG_WARN_NON_LITERAL_NULL_CONVERSION = YES;
				CLANG_WARN_OBJC_IMPLICIT_RETAIN_SELF = YES;
				CLANG_WARN_OBJC_LITERAL_CONVERSION = YES;
				CLANG_WARN_OBJC_ROOT_CLASS = YES_ERROR;
				CLANG_WARN_QUOTED_INCLUDE_IN_FRAMEWORK_HEADER = YES;
				CLANG_WARN_RANGE_LOOP_ANALYSIS = YES;
				CLANG_WARN_STRICT_PROTOTYPES = YES;
				CLANG_WARN_SUSPICIOUS_MOVE = YES;
				CLANG_WARN_UNGUARDED_AVAILABILITY = YES_AGGRESSIVE;
				CLANG_WARN_UNREACHABLE_CODE = YES;
				CLANG_WARN__DUPLICATE_METHOD_MATCH = YES;
				COPY_PHASE_STRIP = NO;
				DEBUG_INFORMATION_FORMAT = "dwarf-with-dsym";
				ENABLE_NS_ASSERTIONS = NO;
				ENABLE_STRICT_OBJC_MSGSEND = YES;
				GCC_C_LANGUAGE_STANDARD = gnu11;
				GCC_NO_COMMON_BLOCKS = YES;
				GCC_WARN_64_TO_32_BIT_CONVERSION = YES;
				GCC_WARN_ABOUT_RETURN_TYPE = YES_ERROR;
				GCC_WARN_UNDECLARED_SELECTOR = YES;
				GCC_WARN_UNINITIALIZED_AUTOS = YES_AGGRESSIVE;
				GCC_WARN_UNUSED_FUNCTION = YES;
				GCC_WARN_UNUSED_VARIABLE = YES;
				IPHONEOS_DEPLOYMENT_TARGET = 14.5;
				MTL_ENABLE_DEBUG_INFO = NO;
				MTL_FAST_MATH = YES;
				SDKROOT = iphoneos;
				SWIFT_COMPILATION_MODE = wholemodule;
				SWIFT_OPTIMIZATION_LEVEL = "-O";
				VALIDATE_PRODUCT = YES;
			};
			name = Release;
		};
		49F70B2F266C523100408DAE /* Debug */ = {
			isa = XCBuildConfiguration;
			buildSettings = {
				ASSETCATALOG_COMPILER_APPICON_NAME = AppIcon;
				ASSETCATALOG_COMPILER_GLOBAL_ACCENT_COLOR_NAME = AccentColor;
				CLANG_ENABLE_MODULES = YES;
				CODE_SIGN_STYLE = Automatic;
				DEVELOPMENT_ASSET_PATHS = "\"flex_emulator/Preview Content\"";
				ENABLE_PREVIEWS = YES;
				INFOPLIST_FILE = flex_emulator/Info.plist;
				IPHONEOS_DEPLOYMENT_TARGET = 14.0;
				LD_RUNPATH_SEARCH_PATHS = (
					"$(inherited)",
					"@executable_path/Frameworks",
				);
				PRODUCT_BUNDLE_IDENTIFIER = "Pinnated.C-and-Swift";
				PRODUCT_NAME = "$(TARGET_NAME)";
				SWIFT_OBJC_BRIDGING_HEADER = "flex_emulator/flex_emulator-Bridging-Header.h";
				SWIFT_OPTIMIZATION_LEVEL = "-Onone";
				SWIFT_VERSION = 5.0;
				TARGETED_DEVICE_FAMILY = "1,2";
			};
			name = Debug;
		};
		49F70B30266C523100408DAE /* Release */ = {
			isa = XCBuildConfiguration;
			buildSettings = {
				ASSETCATALOG_COMPILER_APPICON_NAME = AppIcon;
				ASSETCATALOG_COMPILER_GLOBAL_ACCENT_COLOR_NAME = AccentColor;
				CLANG_ENABLE_MODULES = YES;
				CODE_SIGN_STYLE = Automatic;
				DEVELOPMENT_ASSET_PATHS = "\"flex_emulator/Preview Content\"";
				ENABLE_PREVIEWS = YES;
				INFOPLIST_FILE = flex_emulator/Info.plist;
				IPHONEOS_DEPLOYMENT_TARGET = 14.0;
				LD_RUNPATH_SEARCH_PATHS = (
					"$(inherited)",
					"@executable_path/Frameworks",
				);
				PRODUCT_BUNDLE_IDENTIFIER = "Pinnated.C-and-Swift";
				PRODUCT_NAME = "$(TARGET_NAME)";
				SWIFT_OBJC_BRIDGING_HEADER = "flex_emulator/flex_emulator-Bridging-Header.h";
				SWIFT_VERSION = 5.0;
				TARGETED_DEVICE_FAMILY = "1,2";
			};
			name = Release;
		};
		49F70B32266C523100408DAE /* Debug */ = {
			isa = XCBuildConfiguration;
			buildSettings = {
				ALWAYS_EMBED_SWIFT_STANDARD_LIBRARIES = YES;
				BUNDLE_LOADER = "$(TEST_HOST)";
				CODE_SIGN_STYLE = Automatic;
				INFOPLIST_FILE = flex_emulatorTests/Info.plist;
				IPHONEOS_DEPLOYMENT_TARGET = 14.0;
				LD_RUNPATH_SEARCH_PATHS = (
					"$(inherited)",
					"@executable_path/Frameworks",
					"@loader_path/Frameworks",
				);
				PRODUCT_BUNDLE_IDENTIFIER = "Pinnated.C-and-SwiftTests";
				PRODUCT_NAME = "$(TARGET_NAME)";
				SWIFT_VERSION = 5.0;
				TARGETED_DEVICE_FAMILY = "1,2";
				TEST_HOST = "$(BUILT_PRODUCTS_DIR)/flex_emulator.app/flex_emulator";
			};
			name = Debug;
		};
		49F70B33266C523100408DAE /* Release */ = {
			isa = XCBuildConfiguration;
			buildSettings = {
				ALWAYS_EMBED_SWIFT_STANDARD_LIBRARIES = YES;
				BUNDLE_LOADER = "$(TEST_HOST)";
				CODE_SIGN_STYLE = Automatic;
				INFOPLIST_FILE = flex_emulatorTests/Info.plist;
				IPHONEOS_DEPLOYMENT_TARGET = 14.0;
				LD_RUNPATH_SEARCH_PATHS = (
					"$(inherited)",
					"@executable_path/Frameworks",
					"@loader_path/Frameworks",
				);
				PRODUCT_BUNDLE_IDENTIFIER = "Pinnated.C-and-SwiftTests";
				PRODUCT_NAME = "$(TARGET_NAME)";
				SWIFT_VERSION = 5.0;
				TARGETED_DEVICE_FAMILY = "1,2";
				TEST_HOST = "$(BUILT_PRODUCTS_DIR)/flex_emulator.app/flex_emulator";
			};
			name = Release;
		};
		49F70B35266C523100408DAE /* Debug */ = {
			isa = XCBuildConfiguration;
			buildSettings = {
				ALWAYS_EMBED_SWIFT_STANDARD_LIBRARIES = YES;
				CODE_SIGN_STYLE = Automatic;
				INFOPLIST_FILE = flex_emulatorUITests/Info.plist;
				LD_RUNPATH_SEARCH_PATHS = (
					"$(inherited)",
					"@executable_path/Frameworks",
					"@loader_path/Frameworks",
				);
				PRODUCT_BUNDLE_IDENTIFIER = "Pinnated.C-and-SwiftUITests";
				PRODUCT_NAME = "$(TARGET_NAME)";
				SWIFT_VERSION = 5.0;
				TARGETED_DEVICE_FAMILY = "1,2";
				TEST_TARGET_NAME = flex_emulator;
			};
			name = Debug;
		};
		49F70B36266C523100408DAE /* Release */ = {
			isa = XCBuildConfiguration;
			buildSettings = {
				ALWAYS_EMBED_SWIFT_STANDARD_LIBRARIES = YES;
				CODE_SIGN_STYLE = Automatic;
				INFOPLIST_FILE = flex_emulatorUITests/Info.plist;
				LD_RUNPATH_SEARCH_PATHS = (
					"$(inherited)",
					"@executable_path/Frameworks",
					"@loader_path/Frameworks",
				);
				PRODUCT_BUNDLE_IDENTIFIER = "Pinnated.C-and-SwiftUITests";
				PRODUCT_NAME = "$(TARGET_NAME)";
				SWIFT_VERSION = 5.0;
				TARGETED_DEVICE_FAMILY = "1,2";
				TEST_TARGET_NAME = flex_emulator;
			};
			name = Release;
		};
/* End XCBuildConfiguration section */

/* Begin XCConfigurationList section */
		49F70B04266C523000408DAE /* Build configuration list for PBXProject "flex_emulator" */ = {
			isa = XCConfigurationList;
			buildConfigurations = (
				49F70B2C266C523100408DAE /* Debug */,
				49F70B2D266C523100408DAE /* Release */,
			);
			defaultConfigurationIsVisible = 0;
			defaultConfigurationName = Release;
		};
		49F70B2E266C523100408DAE /* Build configuration list for PBXNativeTarget "flex_emulator" */ = {
			isa = XCConfigurationList;
			buildConfigurations = (
				49F70B2F266C523100408DAE /* Debug */,
				49F70B30266C523100408DAE /* Release */,
			);
			defaultConfigurationIsVisible = 0;
			defaultConfigurationName = Release;
		};
		49F70B31266C523100408DAE /* Build configuration list for PBXNativeTarget "flex_emulatorTests" */ = {
			isa = XCConfigurationList;
			buildConfigurations = (
				49F70B32266C523100408DAE /* Debug */,
				49F70B33266C523100408DAE /* Release */,
			);
			defaultConfigurationIsVisible = 0;
			defaultConfigurationName = Release;
		};
		49F70B34266C523100408DAE /* Build configuration list for PBXNativeTarget "flex_emulatorUITests" */ = {
			isa = XCConfigurationList;
			buildConfigurations = (
				49F70B35266C523100408DAE /* Debug */,
				49F70B36266C523100408DAE /* Release */,
			);
			defaultConfigurationIsVisible = 0;
			defaultConfigurationName = Release;
		};
/* End XCConfigurationList section */
	};
	rootObject = 49F70B01266C523000408DAE /* Project object */;
}
